<?xml version="1.0" encoding="utf-8"?>
<Project ToolsVersion="4.0" xmlns="http://schemas.microsoft.com/developer/msbuild/2003">
  <ItemGroup>
    <Filter Include="Source Files">
      <UniqueIdentifier>{4FC737F1-C7A5-4376-A066-2A32D752A2FF}</UniqueIdentifier>
      <Extensions>cpp;c;cc;cxx;def;odl;idl;hpj;bat;asm;asmx</Extensions>
    </Filter>
    <Filter Include="Header Files">
      <UniqueIdentifier>{93995380-89BD-4b04-88EB-625FBE52EBFB}</UniqueIdentifier>
      <Extensions>h;hh;hpp;hxx;hm;inl;inc;ipp;xsd</Extensions>
    </Filter>
    <Filter Include="Resource Files">
      <UniqueIdentifier>{67DA6AB6-F800-4c08-8B7A-83BB121AAD01}</UniqueIdentifier>
      <Extensions>rc;ico;cur;bmp;dlg;rc2;rct;bin;rgs;gif;jpg;jpeg;jpe;resx;tiff;tif;png;wav;mfcribbon-ms</Extensions>
    </Filter>
    <Filter Include="Source Files\Header">
      <UniqueIdentifier>{e80478e1-35da-4cac-9fd9-ef1dea56d31d}</UniqueIdentifier>
    </Filter>
    <Filter Include="Source Files\Block">
      <UniqueIdentifier>{eacf42ad-1e06-4381-b782-774f8ce021e2}</UniqueIdentifier>
    </Filter>
    <Filter Include="Source Files\Board">
      <UniqueIdentifier>{11e56853-eecc-4163-9cf5-069e5f28449e}</UniqueIdentifier>
    </Filter>
    <Filter Include="Source Files\Events">
      <UniqueIdentifier>{5cdc9eee-d39d-4ba0-a0b3-deae1318fee6}</UniqueIdentifier>
    </Filter>
  </ItemGroup>
  <ItemGroup>
    <ClCompile Include="..\app\tetris.cpp">
      <Filter>Source Files</Filter>
    </ClCompile>
    <ClCompile Include="..\app\Events\Events.cpp">
      <Filter>Source Files\Events</Filter>
    </ClCompile>
    <ClCompile Include="..\app\Board\Board.cpp">
      <Filter>Source Files\Board</Filter>
    </ClCompile>
    <ClCompile Include="..\app\Block\Block.cpp">
      <Filter>Source Files\Block</Filter>
    </ClCompile>
    <ClCompile Include="..\app\Header\Header.cpp">
      <Filter>Source Files\Header</Filter>
    </ClCompile>
  </ItemGroup>
  <ItemGroup>
    <ClInclude Include="..\app\Events\Events.h">
      <Filter>Source Files\Events</Filter>
    </ClInclude>
    <ClInclude Include="..\app\Board\Board.h">
      <Filter>Source Files\Board</Filter>
    </ClInclude>
    <ClInclude Include="..\app\Block\Block.h">
      <Filter>Source Files\Block</Filter>
    </ClInclude>
    <ClInclude Include="..\app\Header\Header.h">
      <Filter>Source Files\Header</Filter>
    </ClInclude>
  </ItemGroup>
</Project>